
Microsoft Visual Studio Solution File, Format Version 12.00
# Visual Studio Version 16
VisualStudioVersion = 16.0.31729.503
MinimumVisualStudioVersion = 10.0.40219.1
Project("{9A19103F-16F7-4668-BE54-9A1E7A4F7556}") = "Lab5.NET", "Lab5.NET.csproj", "{C3629506-F3AF-46EE-8BDA-EC966D845D5E}"
EndProject
Global
	GlobalSection(SolutionConfigurationPlatforms) = preSolution
		Debug|Any CPU = Debug|Any CPU
		Release|Any CPU = Release|Any CPU
	EndGlobalSection
	GlobalSection(ProjectConfigurationPlatforms) = postSolution
		{C3629506-F3AF-46EE-8BDA-EC966D845D5E}.Debug|Any CPU.ActiveCfg = Debug|Any CPU
		{C3629506-F3AF-46EE-8BDA-EC966D845D5E}.Debug|Any CPU.Build.0 = Debug|Any CPU
		{C3629506-F3AF-46EE-8BDA-EC966D845D5E}.Release|Any CPU.ActiveCfg = Release|Any CPU
		{C3629506-F3AF-46EE-8BDA-EC966D845D5E}.Release|Any CPU.Build.0 = Release|Any CPU
	EndGlobalSection
	GlobalSection(SolutionProperties) = preSolution
		HideSolutionNode = FALSE
	EndGlobalSection
	GlobalSection(ExtensibilityGlobals) = postSolution
		SolutionGuid = {F66A3B4A-BCF6-460F-ACFA-52BB83C272BF}
	EndGlobalSection
EndGlobal
